
Microsoft Visual Studio Solution File, Format Version 12.00
# Visual Studio Version 16
VisualStudioVersion = 16.0.30804.86
MinimumVisualStudioVersion = 10.0.40219.1
Project("{FAE04EC0-301F-11D3-BF4B-00C04F79EFBC}") = "Assignment5Database", "Assignment5Database.csproj", "{E425C4A2-D84E-4026-8E48-B62896CAFDCB}"
EndProject
Global
	GlobalSection(SolutionConfigurationPlatforms) = preSolution
		Debug|Any CPU = Debug|Any CPU
		Release|Any CPU = Release|Any CPU
	EndGlobalSection
	GlobalSection(ProjectConfigurationPlatforms) = postSolution
		{E425C4A2-D84E-4026-8E48-B62896CAFDCB}.Debug|Any CPU.ActiveCfg = Debug|Any CPU
		{E425C4A2-D84E-4026-8E48-B62896CAFDCB}.Debug|Any CPU.Build.0 = Debug|Any CPU
		{E425C4A2-D84E-4026-8E48-B62896CAFDCB}.Release|Any CPU.ActiveCfg = Release|Any CPU
		{E425C4A2-D84E-4026-8E48-B62896CAFDCB}.Release|Any CPU.Build.0 = Release|Any CPU
	EndGlobalSection
	GlobalSection(SolutionProperties) = preSolution
		HideSolutionNode = FALSE
	EndGlobalSection
	GlobalSection(ExtensibilityGlobals) = postSolution
		SolutionGuid = {1EF9F0C8-0B33-4FD8-BA4A-7486B6174FCE}
	EndGlobalSection
EndGlobal
